
Microsoft Visual Studio Solution File, Format Version 12.00
# Visual Studio Version 17
VisualStudioVersion = 17.1.32210.238
MinimumVisualStudioVersion = 10.0.40219.1
Project("{FAE04EC0-301F-11D3-BF4B-00C04F79EFBC}") = "BestBusRoute", "BestBusRoute.csproj", "{52BCF5AC-CC38-43E0-A258-C787C28ABB49}"
EndProject
Global
	GlobalSection(SolutionConfigurationPlatforms) = preSolution
		Debug|Any CPU = Debug|Any CPU
		Release|Any CPU = Release|Any CPU
	EndGlobalSection
	GlobalSection(ProjectConfigurationPlatforms) = postSolution
		{52BCF5AC-CC38-43E0-A258-C787C28ABB49}.Debug|Any CPU.ActiveCfg = Debug|Any CPU
		{52BCF5AC-CC38-43E0-A258-C787C28ABB49}.Debug|Any CPU.Build.0 = Debug|Any CPU
		{52BCF5AC-CC38-43E0-A258-C787C28ABB49}.Release|Any CPU.ActiveCfg = Release|Any CPU
		{52BCF5AC-CC38-43E0-A258-C787C28ABB49}.Release|Any CPU.Build.0 = Release|Any CPU
	EndGlobalSection
	GlobalSection(SolutionProperties) = preSolution
		HideSolutionNode = FALSE
	EndGlobalSection
	GlobalSection(ExtensibilityGlobals) = postSolution
		SolutionGuid = {30A95F0B-B46B-4A78-A167-430BD4694C2A}
	EndGlobalSection
EndGlobal
